
Microsoft Visual Studio Solution File, Format Version 12.00
# Visual Studio Version 17
VisualStudioVersion = 17.5.33414.496
MinimumVisualStudioVersion = 10.0.40219.1
Project("{FAE04EC0-301F-11D3-BF4B-00C04F79EFBC}") = "SingletonPatternDemo", "SingletonPatternDemo\SingletonPatternDemo.csproj", "{F893A5B3-4A6F-4985-B1A4-7D942D086C58}"
EndProject
Global
	GlobalSection(SolutionConfigurationPlatforms) = preSolution
		Debug|Any CPU = Debug|Any CPU
		Release|Any CPU = Release|Any CPU
	EndGlobalSection
	GlobalSection(ProjectConfigurationPlatforms) = postSolution
		{F893A5B3-4A6F-4985-B1A4-7D942D086C58}.Debug|Any CPU.ActiveCfg = Debug|Any CPU
		{F893A5B3-4A6F-4985-B1A4-7D942D086C58}.Debug|Any CPU.Build.0 = Debug|Any CPU
		{F893A5B3-4A6F-4985-B1A4-7D942D086C58}.Release|Any CPU.ActiveCfg = Release|Any CPU
		{F893A5B3-4A6F-4985-B1A4-7D942D086C58}.Release|Any CPU.Build.0 = Release|Any CPU
	EndGlobalSection
	GlobalSection(SolutionProperties) = preSolution
		HideSolutionNode = FALSE
	EndGlobalSection
	GlobalSection(ExtensibilityGlobals) = postSolution
		SolutionGuid = {1CA6D143-1D7D-488D-92B7-C96A39437B80}
	EndGlobalSection
EndGlobal
